
Microsoft Visual Studio Solution File, Format Version 12.00
# Visual Studio Version 17
VisualStudioVersion = 17.0.31903.59
MinimumVisualStudioVersion = 10.0.40219.1
Project("{2150E333-8FDC-42A3-9474-1A3956D46DE8}") = "src", "src", "{1055DE2C-675F-4234-A46F-D9BB463BEB18}"
EndProject
Project("{2150E333-8FDC-42A3-9474-1A3956D46DE8}") = "docker-compose-files", "docker-compose-files", "{3A931DA4-C6CA-496C-9E99-909BD7495FB1}"
EndProject
Project("{2150E333-8FDC-42A3-9474-1A3956D46DE8}") = "solution-items", "solution-items", "{31BC8496-3826-4C1D-8EBC-BFD0DBEA57E8}"
	ProjectSection(SolutionItems) = preProject
		solution-items\service-urls.txt = solution-items\service-urls.txt
	EndProjectSection
EndProject
Project("{2150E333-8FDC-42A3-9474-1A3956D46DE8}") = "redis", "redis", "{61FE526D-E6F3-4664-8EF4-AD691793D16B}"
	ProjectSection(SolutionItems) = preProject
		docker-compose-files\redis\docker-compose.yml = docker-compose-files\redis\docker-compose.yml
	EndProjectSection
EndProject
Project("{2150E333-8FDC-42A3-9474-1A3956D46DE8}") = "consul", "consul", "{11E70A35-7996-4C8C-84B6-BF5E88F15B9F}"
	ProjectSection(SolutionItems) = preProject
		docker-compose-files\consul\docker-compose.yml = docker-compose-files\consul\docker-compose.yml
	EndProjectSection
EndProject
Project("{2150E333-8FDC-42A3-9474-1A3956D46DE8}") = "rabbitmq", "rabbitmq", "{4CB3C9B3-FB0D-4D70-9550-73C1C327B03C}"
	ProjectSection(SolutionItems) = preProject
		docker-compose-files\rabbitmq\docker-compose.yml = docker-compose-files\rabbitmq\docker-compose.yml
	EndProjectSection
EndProject
Project("{2150E333-8FDC-42A3-9474-1A3956D46DE8}") = "sqlserver", "sqlserver", "{0816F32B-51A9-4668-8DBE-3EB26DAD0516}"
	ProjectSection(SolutionItems) = preProject
		docker-compose-files\sqlserver\docker-compose.yml = docker-compose-files\sqlserver\docker-compose.yml
	EndProjectSection
EndProject
Project("{2150E333-8FDC-42A3-9474-1A3956D46DE8}") = "graylog", "graylog", "{F756DF6D-AE10-4843-AA1C-FF4B12771B9B}"
	ProjectSection(SolutionItems) = preProject
		docker-compose-files\graylog\docker-compose.yml = docker-compose-files\graylog\docker-compose.yml
	EndProjectSection
EndProject
Project("{2150E333-8FDC-42A3-9474-1A3956D46DE8}") = "ApiGateways", "ApiGateways", "{28654088-5A0E-42EE-A40E-50BD0706D3CF}"
EndProject
Project("{2150E333-8FDC-42A3-9474-1A3956D46DE8}") = "BuildingBlocks", "BuildingBlocks", "{608D971F-B298-42CC-90E0-FA230DFCDD0D}"
EndProject
Project("{2150E333-8FDC-42A3-9474-1A3956D46DE8}") = "Clients", "Clients", "{E6FE8BF4-A44C-4A0A-88F0-70D6E67714B6}"
EndProject
Project("{2150E333-8FDC-42A3-9474-1A3956D46DE8}") = "Services", "Services", "{DCD06557-C33A-4198-BED7-640F6119B3E7}"
EndProject
Project("{2150E333-8FDC-42A3-9474-1A3956D46DE8}") = "WebApiGateway", "WebApiGateway", "{0DCBAA57-A0DD-4DC4-8E88-6829B279FB71}"
EndProject
Project("{9A19103F-16F7-4668-BE54-9A1E7A4F7556}") = "Web.ApiGateway", "src\ApiGateways\WebApiGateway\Web.ApiGateway\Web.ApiGateway.csproj", "{F0489EAE-7DD1-47DA-9551-165D3D2C5AF3}"
EndProject
Project("{2150E333-8FDC-42A3-9474-1A3956D46DE8}") = "BasketService", "BasketService", "{67FB12E8-E740-477D-BEDF-4971EC6D58F5}"
EndProject
Project("{2150E333-8FDC-42A3-9474-1A3956D46DE8}") = "CatalogService", "CatalogService", "{95D469DA-940B-494C-A8E5-1586C8A03331}"
EndProject
Project("{2150E333-8FDC-42A3-9474-1A3956D46DE8}") = "OrderService", "OrderService", "{2068FCD9-CE9F-414A-87C2-DD8727A5A9FB}"
EndProject
Project("{2150E333-8FDC-42A3-9474-1A3956D46DE8}") = "NotificationService", "NotificationService", "{FD4659D8-9DE0-4A68-A02B-8C7029F5AD86}"
EndProject
Project("{2150E333-8FDC-42A3-9474-1A3956D46DE8}") = "PaymentService", "PaymentService", "{CAB55174-A52E-439A-8951-82B35C682A1F}"
EndProject
Project("{9A19103F-16F7-4668-BE54-9A1E7A4F7556}") = "NotificationService.Api", "src\Services\NotificationService\NotificationService.Api\NotificationService.Api.csproj", "{8A6BDA30-92F1-4C15-B4C9-F1C4062E7EC9}"
EndProject
Project("{9A19103F-16F7-4668-BE54-9A1E7A4F7556}") = "OrderService.Api", "src\Services\OrderService\OrderService.Api\OrderService.Api.csproj", "{33DA6B94-9A3A-4B7D-8460-C4C32FBE2130}"
EndProject
Project("{9A19103F-16F7-4668-BE54-9A1E7A4F7556}") = "OrderService.Application", "src\Services\OrderService\OrderService.Application\OrderService.Application.csproj", "{C6FD1C04-534F-43B6-B8EC-DF6BC370C0D3}"
EndProject
Project("{9A19103F-16F7-4668-BE54-9A1E7A4F7556}") = "OrderService.Domain", "src\Services\OrderService\OrderService.Domain\OrderService.Domain.csproj", "{4BDF4193-C038-4EEA-BE35-1958A5E327C7}"
EndProject
Project("{9A19103F-16F7-4668-BE54-9A1E7A4F7556}") = "OrderService.Infrastructure", "src\Services\OrderService\OrderService.Infrastructure\OrderService.Infrastructure.csproj", "{6ECAA9BA-9A48-4D41-AAD6-EC467E4E5B8F}"
EndProject
Project("{9A19103F-16F7-4668-BE54-9A1E7A4F7556}") = "PaymentService.Api", "src\Services\PaymentService\PaymentService.Api\PaymentService.Api.csproj", "{C2BDC050-63DB-433D-9558-E097DF0E1F88}"
EndProject
Project("{2150E333-8FDC-42A3-9474-1A3956D46DE8}") = "BlazorWebApp", "BlazorWebApp", "{2E602C72-AFA7-459E-9E6F-09800729D8CC}"
EndProject
Project("{9A19103F-16F7-4668-BE54-9A1E7A4F7556}") = "WebApp", "src\Clients\BlazorWebApp\WebApp\WebApp.csproj", "{95D9F56F-B91F-4204-8301-8730EFD00B8C}"
EndProject
Project("{2150E333-8FDC-42A3-9474-1A3956D46DE8}") = "EventBus", "EventBus", "{CED33AC9-33AB-4E82-BACA-4EB937BE0E57}"
EndProject
Project("{9A19103F-16F7-4668-BE54-9A1E7A4F7556}") = "EventBus.Base", "src\BuildingBlocks\EventBus\EventBus.Base\EventBus.Base.csproj", "{68AA9A37-08CD-4B62-856C-70CE09453820}"
EndProject
Project("{9A19103F-16F7-4668-BE54-9A1E7A4F7556}") = "EventBus.Factory", "src\BuildingBlocks\EventBus\EventBus.Factory\EventBus.Factory.csproj", "{DE59AF32-C7BE-4A7E-9B06-88CE54659606}"
EndProject
Project("{9A19103F-16F7-4668-BE54-9A1E7A4F7556}") = "EventBus.RabbitMQ", "src\BuildingBlocks\EventBus\EventBus.RabbitMQ\EventBus.RabbitMQ.csproj", "{0EB474C3-CB96-4ABD-8C54-8BBE5CBC31B4}"
EndProject
Project("{2150E333-8FDC-42A3-9474-1A3956D46DE8}") = "mongodb", "mongodb", "{D97E5C42-3EF9-4734-B810-23E385F8F246}"
	ProjectSection(SolutionItems) = preProject
		docker-compose-files\mongodb\docker-compose.yml = docker-compose-files\mongodb\docker-compose.yml
	EndProjectSection
EndProject
Project("{2150E333-8FDC-42A3-9474-1A3956D46DE8}") = "elasticsearch", "elasticsearch", "{E5D880C8-856E-476C-B2CE-508E55AB3CA2}"
	ProjectSection(SolutionItems) = preProject
		docker-compose-files\elasticsearch\docker-compose.yml = docker-compose-files\elasticsearch\docker-compose.yml
	EndProjectSection
EndProject
Project("{2150E333-8FDC-42A3-9474-1A3956D46DE8}") = "Shared", "Shared", "{1D41A741-82CE-4948-9D28-5FCC0D886B64}"
EndProject
Project("{9A19103F-16F7-4668-BE54-9A1E7A4F7556}") = "Shared", "src\Shared\Shared\Shared.csproj", "{5D822F1F-C5D0-4B78-A4EC-D40B06CC6EE7}"
EndProject
Project("{9A19103F-16F7-4668-BE54-9A1E7A4F7556}") = "CatalogService.Api", "src\Services\CatalogService\CatalogService.Api\CatalogService.Api.csproj", "{6E24643B-EE15-4A9A-ABC5-7DE397289DE0}"
EndProject
Project("{2150E333-8FDC-42A3-9474-1A3956D46DE8}") = "LocalizationService", "LocalizationService", "{5049EC0E-670E-4F6D-B426-7DC4BFD9E5C6}"
EndProject
Project("{2150E333-8FDC-42A3-9474-1A3956D46DE8}") = "FileService", "FileService", "{F22F388D-407F-4ECA-88C9-BC5A01EFDDC5}"
EndProject
Project("{9A19103F-16F7-4668-BE54-9A1E7A4F7556}") = "FileService.Api", "src\Services\FileService\FileService.Api\FileService.Api.csproj", "{143F6566-5786-451A-9632-985A98D14CA2}"
EndProject
Project("{9A19103F-16F7-4668-BE54-9A1E7A4F7556}") = "LocalizationService.Api", "src\Services\LocalizationService\LocalizationService.Api\LocalizationService.Api.csproj", "{F72FAAED-93CA-457A-A5DD-60E1A83B5483}"
EndProject
Project("{2150E333-8FDC-42A3-9474-1A3956D46DE8}") = "IdentityServer", "IdentityServer", "{7C6C3463-1CB8-4EB7-8D15-4134ECA27DBE}"
EndProject
Project("{9A19103F-16F7-4668-BE54-9A1E7A4F7556}") = "IdentityServer.Api", "src\Services\IdentityServer\IdentityServer.Api\IdentityServer.Api.csproj", "{5AA1B192-7EE1-4CF3-B7F5-6AF385969CEE}"
EndProject
Project("{FAE04EC0-301F-11D3-BF4B-00C04F79EFBC}") = "BasketGrpcService", "src\Services\BasketService\BasketGrpcService\BasketGrpcService.csproj", "{8319B2E0-B6A4-434E-9E43-D8A5EF08DE5A}"
EndProject
Global
	GlobalSection(SolutionConfigurationPlatforms) = preSolution
		Debug|Any CPU = Debug|Any CPU
		Release|Any CPU = Release|Any CPU
	EndGlobalSection
	GlobalSection(ProjectConfigurationPlatforms) = postSolution
		{F0489EAE-7DD1-47DA-9551-165D3D2C5AF3}.Debug|Any CPU.ActiveCfg = Debug|Any CPU
		{F0489EAE-7DD1-47DA-9551-165D3D2C5AF3}.Debug|Any CPU.Build.0 = Debug|Any CPU
		{F0489EAE-7DD1-47DA-9551-165D3D2C5AF3}.Release|Any CPU.ActiveCfg = Release|Any CPU
		{F0489EAE-7DD1-47DA-9551-165D3D2C5AF3}.Release|Any CPU.Build.0 = Release|Any CPU
		{8A6BDA30-92F1-4C15-B4C9-F1C4062E7EC9}.Debug|Any CPU.ActiveCfg = Debug|Any CPU
		{8A6BDA30-92F1-4C15-B4C9-F1C4062E7EC9}.Debug|Any CPU.Build.0 = Debug|Any CPU
		{8A6BDA30-92F1-4C15-B4C9-F1C4062E7EC9}.Release|Any CPU.ActiveCfg = Release|Any CPU
		{8A6BDA30-92F1-4C15-B4C9-F1C4062E7EC9}.Release|Any CPU.Build.0 = Release|Any CPU
		{33DA6B94-9A3A-4B7D-8460-C4C32FBE2130}.Debug|Any CPU.ActiveCfg = Debug|Any CPU
		{33DA6B94-9A3A-4B7D-8460-C4C32FBE2130}.Debug|Any CPU.Build.0 = Debug|Any CPU
		{33DA6B94-9A3A-4B7D-8460-C4C32FBE2130}.Release|Any CPU.ActiveCfg = Release|Any CPU
		{33DA6B94-9A3A-4B7D-8460-C4C32FBE2130}.Release|Any CPU.Build.0 = Release|Any CPU
		{C6FD1C04-534F-43B6-B8EC-DF6BC370C0D3}.Debug|Any CPU.ActiveCfg = Debug|Any CPU
		{C6FD1C04-534F-43B6-B8EC-DF6BC370C0D3}.Debug|Any CPU.Build.0 = Debug|Any CPU
		{C6FD1C04-534F-43B6-B8EC-DF6BC370C0D3}.Release|Any CPU.ActiveCfg = Release|Any CPU
		{C6FD1C04-534F-43B6-B8EC-DF6BC370C0D3}.Release|Any CPU.Build.0 = Release|Any CPU
		{4BDF4193-C038-4EEA-BE35-1958A5E327C7}.Debug|Any CPU.ActiveCfg = Debug|Any CPU
		{4BDF4193-C038-4EEA-BE35-1958A5E327C7}.Debug|Any CPU.Build.0 = Debug|Any CPU
		{4BDF4193-C038-4EEA-BE35-1958A5E327C7}.Release|Any CPU.ActiveCfg = Release|Any CPU
		{4BDF4193-C038-4EEA-BE35-1958A5E327C7}.Release|Any CPU.Build.0 = Release|Any CPU
		{6ECAA9BA-9A48-4D41-AAD6-EC467E4E5B8F}.Debug|Any CPU.ActiveCfg = Debug|Any CPU
		{6ECAA9BA-9A48-4D41-AAD6-EC467E4E5B8F}.Debug|Any CPU.Build.0 = Debug|Any CPU
		{6ECAA9BA-9A48-4D41-AAD6-EC467E4E5B8F}.Release|Any CPU.ActiveCfg = Release|Any CPU
		{6ECAA9BA-9A48-4D41-AAD6-EC467E4E5B8F}.Release|Any CPU.Build.0 = Release|Any CPU
		{C2BDC050-63DB-433D-9558-E097DF0E1F88}.Debug|Any CPU.ActiveCfg = Debug|Any CPU
		{C2BDC050-63DB-433D-9558-E097DF0E1F88}.Debug|Any CPU.Build.0 = Debug|Any CPU
		{C2BDC050-63DB-433D-9558-E097DF0E1F88}.Release|Any CPU.ActiveCfg = Release|Any CPU
		{C2BDC050-63DB-433D-9558-E097DF0E1F88}.Release|Any CPU.Build.0 = Release|Any CPU
		{95D9F56F-B91F-4204-8301-8730EFD00B8C}.Debug|Any CPU.ActiveCfg = Debug|Any CPU
		{95D9F56F-B91F-4204-8301-8730EFD00B8C}.Debug|Any CPU.Build.0 = Debug|Any CPU
		{95D9F56F-B91F-4204-8301-8730EFD00B8C}.Release|Any CPU.ActiveCfg = Release|Any CPU
		{95D9F56F-B91F-4204-8301-8730EFD00B8C}.Release|Any CPU.Build.0 = Release|Any CPU
		{68AA9A37-08CD-4B62-856C-70CE09453820}.Debug|Any CPU.ActiveCfg = Debug|Any CPU
		{68AA9A37-08CD-4B62-856C-70CE09453820}.Debug|Any CPU.Build.0 = Debug|Any CPU
		{68AA9A37-08CD-4B62-856C-70CE09453820}.Release|Any CPU.ActiveCfg = Release|Any CPU
		{68AA9A37-08CD-4B62-856C-70CE09453820}.Release|Any CPU.Build.0 = Release|Any CPU
		{DE59AF32-C7BE-4A7E-9B06-88CE54659606}.Debug|Any CPU.ActiveCfg = Debug|Any CPU
		{DE59AF32-C7BE-4A7E-9B06-88CE54659606}.Debug|Any CPU.Build.0 = Debug|Any CPU
		{DE59AF32-C7BE-4A7E-9B06-88CE54659606}.Release|Any CPU.ActiveCfg = Release|Any CPU
		{DE59AF32-C7BE-4A7E-9B06-88CE54659606}.Release|Any CPU.Build.0 = Release|Any CPU
		{0EB474C3-CB96-4ABD-8C54-8BBE5CBC31B4}.Debug|Any CPU.ActiveCfg = Debug|Any CPU
		{0EB474C3-CB96-4ABD-8C54-8BBE5CBC31B4}.Debug|Any CPU.Build.0 = Debug|Any CPU
		{0EB474C3-CB96-4ABD-8C54-8BBE5CBC31B4}.Release|Any CPU.ActiveCfg = Release|Any CPU
		{0EB474C3-CB96-4ABD-8C54-8BBE5CBC31B4}.Release|Any CPU.Build.0 = Release|Any CPU
		{5D822F1F-C5D0-4B78-A4EC-D40B06CC6EE7}.Debug|Any CPU.ActiveCfg = Debug|Any CPU
		{5D822F1F-C5D0-4B78-A4EC-D40B06CC6EE7}.Debug|Any CPU.Build.0 = Debug|Any CPU
		{5D822F1F-C5D0-4B78-A4EC-D40B06CC6EE7}.Release|Any CPU.ActiveCfg = Release|Any CPU
		{5D822F1F-C5D0-4B78-A4EC-D40B06CC6EE7}.Release|Any CPU.Build.0 = Release|Any CPU
		{6E24643B-EE15-4A9A-ABC5-7DE397289DE0}.Debug|Any CPU.ActiveCfg = Debug|Any CPU
		{6E24643B-EE15-4A9A-ABC5-7DE397289DE0}.Debug|Any CPU.Build.0 = Debug|Any CPU
		{6E24643B-EE15-4A9A-ABC5-7DE397289DE0}.Release|Any CPU.ActiveCfg = Release|Any CPU
		{6E24643B-EE15-4A9A-ABC5-7DE397289DE0}.Release|Any CPU.Build.0 = Release|Any CPU
		{143F6566-5786-451A-9632-985A98D14CA2}.Debug|Any CPU.ActiveCfg = Debug|Any CPU
		{143F6566-5786-451A-9632-985A98D14CA2}.Debug|Any CPU.Build.0 = Debug|Any CPU
		{143F6566-5786-451A-9632-985A98D14CA2}.Release|Any CPU.ActiveCfg = Release|Any CPU
		{143F6566-5786-451A-9632-985A98D14CA2}.Release|Any CPU.Build.0 = Release|Any CPU
		{F72FAAED-93CA-457A-A5DD-60E1A83B5483}.Debug|Any CPU.ActiveCfg = Debug|Any CPU
		{F72FAAED-93CA-457A-A5DD-60E1A83B5483}.Debug|Any CPU.Build.0 = Debug|Any CPU
		{F72FAAED-93CA-457A-A5DD-60E1A83B5483}.Release|Any CPU.ActiveCfg = Release|Any CPU
		{F72FAAED-93CA-457A-A5DD-60E1A83B5483}.Release|Any CPU.Build.0 = Release|Any CPU
		{5AA1B192-7EE1-4CF3-B7F5-6AF385969CEE}.Debug|Any CPU.ActiveCfg = Debug|Any CPU
		{5AA1B192-7EE1-4CF3-B7F5-6AF385969CEE}.Debug|Any CPU.Build.0 = Debug|Any CPU
		{5AA1B192-7EE1-4CF3-B7F5-6AF385969CEE}.Release|Any CPU.ActiveCfg = Release|Any CPU
		{5AA1B192-7EE1-4CF3-B7F5-6AF385969CEE}.Release|Any CPU.Build.0 = Release|Any CPU
		{8319B2E0-B6A4-434E-9E43-D8A5EF08DE5A}.Debug|Any CPU.ActiveCfg = Debug|Any CPU
		{8319B2E0-B6A4-434E-9E43-D8A5EF08DE5A}.Debug|Any CPU.Build.0 = Debug|Any CPU
		{8319B2E0-B6A4-434E-9E43-D8A5EF08DE5A}.Release|Any CPU.ActiveCfg = Release|Any CPU
		{8319B2E0-B6A4-434E-9E43-D8A5EF08DE5A}.Release|Any CPU.Build.0 = Release|Any CPU
	EndGlobalSection
	GlobalSection(SolutionProperties) = preSolution
		HideSolutionNode = FALSE
	EndGlobalSection
	GlobalSection(NestedProjects) = preSolution
		{61FE526D-E6F3-4664-8EF4-AD691793D16B} = {3A931DA4-C6CA-496C-9E99-909BD7495FB1}
		{11E70A35-7996-4C8C-84B6-BF5E88F15B9F} = {3A931DA4-C6CA-496C-9E99-909BD7495FB1}
		{4CB3C9B3-FB0D-4D70-9550-73C1C327B03C} = {3A931DA4-C6CA-496C-9E99-909BD7495FB1}
		{0816F32B-51A9-4668-8DBE-3EB26DAD0516} = {3A931DA4-C6CA-496C-9E99-909BD7495FB1}
		{F756DF6D-AE10-4843-AA1C-FF4B12771B9B} = {3A931DA4-C6CA-496C-9E99-909BD7495FB1}
		{28654088-5A0E-42EE-A40E-50BD0706D3CF} = {1055DE2C-675F-4234-A46F-D9BB463BEB18}
		{608D971F-B298-42CC-90E0-FA230DFCDD0D} = {1055DE2C-675F-4234-A46F-D9BB463BEB18}
		{E6FE8BF4-A44C-4A0A-88F0-70D6E67714B6} = {1055DE2C-675F-4234-A46F-D9BB463BEB18}
		{DCD06557-C33A-4198-BED7-640F6119B3E7} = {1055DE2C-675F-4234-A46F-D9BB463BEB18}
		{0DCBAA57-A0DD-4DC4-8E88-6829B279FB71} = {28654088-5A0E-42EE-A40E-50BD0706D3CF}
		{F0489EAE-7DD1-47DA-9551-165D3D2C5AF3} = {0DCBAA57-A0DD-4DC4-8E88-6829B279FB71}
		{67FB12E8-E740-477D-BEDF-4971EC6D58F5} = {DCD06557-C33A-4198-BED7-640F6119B3E7}
		{95D469DA-940B-494C-A8E5-1586C8A03331} = {DCD06557-C33A-4198-BED7-640F6119B3E7}
		{2068FCD9-CE9F-414A-87C2-DD8727A5A9FB} = {DCD06557-C33A-4198-BED7-640F6119B3E7}
		{FD4659D8-9DE0-4A68-A02B-8C7029F5AD86} = {DCD06557-C33A-4198-BED7-640F6119B3E7}
		{CAB55174-A52E-439A-8951-82B35C682A1F} = {DCD06557-C33A-4198-BED7-640F6119B3E7}
		{8A6BDA30-92F1-4C15-B4C9-F1C4062E7EC9} = {FD4659D8-9DE0-4A68-A02B-8C7029F5AD86}
		{33DA6B94-9A3A-4B7D-8460-C4C32FBE2130} = {2068FCD9-CE9F-414A-87C2-DD8727A5A9FB}
		{C6FD1C04-534F-43B6-B8EC-DF6BC370C0D3} = {2068FCD9-CE9F-414A-87C2-DD8727A5A9FB}
		{4BDF4193-C038-4EEA-BE35-1958A5E327C7} = {2068FCD9-CE9F-414A-87C2-DD8727A5A9FB}
		{6ECAA9BA-9A48-4D41-AAD6-EC467E4E5B8F} = {2068FCD9-CE9F-414A-87C2-DD8727A5A9FB}
		{C2BDC050-63DB-433D-9558-E097DF0E1F88} = {CAB55174-A52E-439A-8951-82B35C682A1F}
		{2E602C72-AFA7-459E-9E6F-09800729D8CC} = {E6FE8BF4-A44C-4A0A-88F0-70D6E67714B6}
		{95D9F56F-B91F-4204-8301-8730EFD00B8C} = {2E602C72-AFA7-459E-9E6F-09800729D8CC}
		{CED33AC9-33AB-4E82-BACA-4EB937BE0E57} = {608D971F-B298-42CC-90E0-FA230DFCDD0D}
		{68AA9A37-08CD-4B62-856C-70CE09453820} = {CED33AC9-33AB-4E82-BACA-4EB937BE0E57}
		{DE59AF32-C7BE-4A7E-9B06-88CE54659606} = {CED33AC9-33AB-4E82-BACA-4EB937BE0E57}
		{0EB474C3-CB96-4ABD-8C54-8BBE5CBC31B4} = {CED33AC9-33AB-4E82-BACA-4EB937BE0E57}
		{D97E5C42-3EF9-4734-B810-23E385F8F246} = {3A931DA4-C6CA-496C-9E99-909BD7495FB1}
		{E5D880C8-856E-476C-B2CE-508E55AB3CA2} = {3A931DA4-C6CA-496C-9E99-909BD7495FB1}
		{1D41A741-82CE-4948-9D28-5FCC0D886B64} = {1055DE2C-675F-4234-A46F-D9BB463BEB18}
		{5D822F1F-C5D0-4B78-A4EC-D40B06CC6EE7} = {1D41A741-82CE-4948-9D28-5FCC0D886B64}
		{6E24643B-EE15-4A9A-ABC5-7DE397289DE0} = {95D469DA-940B-494C-A8E5-1586C8A03331}
		{5049EC0E-670E-4F6D-B426-7DC4BFD9E5C6} = {DCD06557-C33A-4198-BED7-640F6119B3E7}
		{F22F388D-407F-4ECA-88C9-BC5A01EFDDC5} = {DCD06557-C33A-4198-BED7-640F6119B3E7}
		{143F6566-5786-451A-9632-985A98D14CA2} = {F22F388D-407F-4ECA-88C9-BC5A01EFDDC5}
		{F72FAAED-93CA-457A-A5DD-60E1A83B5483} = {5049EC0E-670E-4F6D-B426-7DC4BFD9E5C6}
		{7C6C3463-1CB8-4EB7-8D15-4134ECA27DBE} = {DCD06557-C33A-4198-BED7-640F6119B3E7}
		{5AA1B192-7EE1-4CF3-B7F5-6AF385969CEE} = {7C6C3463-1CB8-4EB7-8D15-4134ECA27DBE}
		{8319B2E0-B6A4-434E-9E43-D8A5EF08DE5A} = {67FB12E8-E740-477D-BEDF-4971EC6D58F5}
	EndGlobalSection
	GlobalSection(ExtensibilityGlobals) = postSolution
		SolutionGuid = {0EA7DAA1-E97E-4D4E-8989-8E0E33F3EDA4}
	EndGlobalSection
EndGlobal
